
Microsoft Visual Studio Solution File, Format Version 12.00
# Visual Studio 15
Project("{FAE04EC0-301F-11D3-BF4B-00C04F79EFBC}") = "SteamVR", "SteamVR.csproj", "{C9E4E293-3718-C777-A36F-D03844B8D198}"
EndProject
Project("{FAE04EC0-301F-11D3-BF4B-00C04F79EFBC}") = "Assembly-CSharp", "Assembly-CSharp.csproj", "{255F5B72-56B9-BE1E-04BA-A8CAA8DD667B}"
EndProject
Project("{FAE04EC0-301F-11D3-BF4B-00C04F79EFBC}") = "SteamVR_Actions", "SteamVR_Actions.csproj", "{01FBDEFC-19E3-E577-BD39-F6836BA39112}"
EndProject
Project("{FAE04EC0-301F-11D3-BF4B-00C04F79EFBC}") = "SteamVR_Editor", "SteamVR_Editor.csproj", "{3DDACBAE-3191-7E83-8F04-A3285895000E}"
EndProject
Project("{FAE04EC0-301F-11D3-BF4B-00C04F79EFBC}") = "Assembly-CSharp-Editor", "Assembly-CSharp-Editor.csproj", "{9398767B-F709-D6AA-B84F-2EC1E27D954B}"
EndProject
Project("{FAE04EC0-301F-11D3-BF4B-00C04F79EFBC}") = "SteamVR_Input_Editor", "SteamVR_Input_Editor.csproj", "{FE0011E0-7345-D1EB-A561-1AB110ED2508}"
EndProject
Project("{FAE04EC0-301F-11D3-BF4B-00C04F79EFBC}") = "SteamVR_Windows_EditorHelper", "SteamVR_Windows_EditorHelper.csproj", "{82928D52-82DF-7D66-EC60-5278FD79B9AD}"
EndProject
Global
	GlobalSection(SolutionConfigurationPlatforms) = preSolution
		Debug|Any CPU = Debug|Any CPU
		Release|Any CPU = Release|Any CPU
	EndGlobalSection
	GlobalSection(ProjectConfigurationPlatforms) = postSolution
		{C9E4E293-3718-C777-A36F-D03844B8D198}.Debug|Any CPU.ActiveCfg = Debug|Any CPU
		{C9E4E293-3718-C777-A36F-D03844B8D198}.Debug|Any CPU.Build.0 = Debug|Any CPU
		{C9E4E293-3718-C777-A36F-D03844B8D198}.Release|Any CPU.ActiveCfg = Release|Any CPU
		{C9E4E293-3718-C777-A36F-D03844B8D198}.Release|Any CPU.Build.0 = Release|Any CPU
		{255F5B72-56B9-BE1E-04BA-A8CAA8DD667B}.Debug|Any CPU.ActiveCfg = Debug|Any CPU
		{255F5B72-56B9-BE1E-04BA-A8CAA8DD667B}.Debug|Any CPU.Build.0 = Debug|Any CPU
		{255F5B72-56B9-BE1E-04BA-A8CAA8DD667B}.Release|Any CPU.ActiveCfg = Release|Any CPU
		{255F5B72-56B9-BE1E-04BA-A8CAA8DD667B}.Release|Any CPU.Build.0 = Release|Any CPU
		{01FBDEFC-19E3-E577-BD39-F6836BA39112}.Debug|Any CPU.ActiveCfg = Debug|Any CPU
		{01FBDEFC-19E3-E577-BD39-F6836BA39112}.Debug|Any CPU.Build.0 = Debug|Any CPU
		{01FBDEFC-19E3-E577-BD39-F6836BA39112}.Release|Any CPU.ActiveCfg = Release|Any CPU
		{01FBDEFC-19E3-E577-BD39-F6836BA39112}.Release|Any CPU.Build.0 = Release|Any CPU
		{3DDACBAE-3191-7E83-8F04-A3285895000E}.Debug|Any CPU.ActiveCfg = Debug|Any CPU
		{3DDACBAE-3191-7E83-8F04-A3285895000E}.Debug|Any CPU.Build.0 = Debug|Any CPU
		{3DDACBAE-3191-7E83-8F04-A3285895000E}.Release|Any CPU.ActiveCfg = Release|Any CPU
		{3DDACBAE-3191-7E83-8F04-A3285895000E}.Release|Any CPU.Build.0 = Release|Any CPU
		{9398767B-F709-D6AA-B84F-2EC1E27D954B}.Debug|Any CPU.ActiveCfg = Debug|Any CPU
		{9398767B-F709-D6AA-B84F-2EC1E27D954B}.Debug|Any CPU.Build.0 = Debug|Any CPU
		{9398767B-F709-D6AA-B84F-2EC1E27D954B}.Release|Any CPU.ActiveCfg = Release|Any CPU
		{9398767B-F709-D6AA-B84F-2EC1E27D954B}.Release|Any CPU.Build.0 = Release|Any CPU
		{FE0011E0-7345-D1EB-A561-1AB110ED2508}.Debug|Any CPU.ActiveCfg = Debug|Any CPU
		{FE0011E0-7345-D1EB-A561-1AB110ED2508}.Debug|Any CPU.Build.0 = Debug|Any CPU
		{FE0011E0-7345-D1EB-A561-1AB110ED2508}.Release|Any CPU.ActiveCfg = Release|Any CPU
		{FE0011E0-7345-D1EB-A561-1AB110ED2508}.Release|Any CPU.Build.0 = Release|Any CPU
		{82928D52-82DF-7D66-EC60-5278FD79B9AD}.Debug|Any CPU.ActiveCfg = Debug|Any CPU
		{82928D52-82DF-7D66-EC60-5278FD79B9AD}.Debug|Any CPU.Build.0 = Debug|Any CPU
		{82928D52-82DF-7D66-EC60-5278FD79B9AD}.Release|Any CPU.ActiveCfg = Release|Any CPU
		{82928D52-82DF-7D66-EC60-5278FD79B9AD}.Release|Any CPU.Build.0 = Release|Any CPU
	EndGlobalSection
	GlobalSection(SolutionProperties) = preSolution
		HideSolutionNode = FALSE
	EndGlobalSection
EndGlobal
